
Microsoft Visual Studio Solution File, Format Version 12.00
# Visual Studio Version 17
VisualStudioVersion = 17.7.34202.233
MinimumVisualStudioVersion = 10.0.40219.1
Project("{8BC9CEB8-8B4A-11D0-8D11-00A0C91BC942}") = "Hotel Managment System", "Hotel Managment System.vcxproj", "{A7E14B70-4F15-4A45-8962-595A3CA7750C}"
EndProject
Global
	GlobalSection(SolutionConfigurationPlatforms) = preSolution
		Debug|x64 = Debug|x64
		Debug|x86 = Debug|x86
		Release|x64 = Release|x64
		Release|x86 = Release|x86
	EndGlobalSection
	GlobalSection(ProjectConfigurationPlatforms) = postSolution
		{A7E14B70-4F15-4A45-8962-595A3CA7750C}.Debug|x64.ActiveCfg = Debug|x64
		{A7E14B70-4F15-4A45-8962-595A3CA7750C}.Debug|x64.Build.0 = Debug|x64
		{A7E14B70-4F15-4A45-8962-595A3CA7750C}.Debug|x86.ActiveCfg = Debug|Win32
		{A7E14B70-4F15-4A45-8962-595A3CA7750C}.Debug|x86.Build.0 = Debug|Win32
		{A7E14B70-4F15-4A45-8962-595A3CA7750C}.Release|x64.ActiveCfg = Release|x64
		{A7E14B70-4F15-4A45-8962-595A3CA7750C}.Release|x64.Build.0 = Release|x64
		{A7E14B70-4F15-4A45-8962-595A3CA7750C}.Release|x86.ActiveCfg = Release|Win32
		{A7E14B70-4F15-4A45-8962-595A3CA7750C}.Release|x86.Build.0 = Release|Win32
	EndGlobalSection
	GlobalSection(SolutionProperties) = preSolution
		HideSolutionNode = FALSE
	EndGlobalSection
	GlobalSection(ExtensibilityGlobals) = postSolution
		SolutionGuid = {6862813C-617A-41A6-87CB-7B3FDFE8DC46}
	EndGlobalSection
EndGlobal
